// !$*UTF8*$!
{
	archiveVersion = 1;
	classes = {
	};
	objectVersion = 50;
	objects = {

/* Begin PBXBuildFile section */
		C789D2FD24514D540041D11A /* AppDelegate.swift in Sources */ = {isa = PBXBuildFile; fileRef = C789D2FC24514D540041D11A /* AppDelegate.swift */; };
		C789D2FF24514D540041D11A /* SceneDelegate.swift in Sources */ = {isa = PBXBuildFile; fileRef = C789D2FE24514D540041D11A /* SceneDelegate.swift */; };
		C789D30124514D540041D11A /* ViewController.swift in Sources */ = {isa = PBXBuildFile; fileRef = C789D30024514D540041D11A /* ViewController.swift */; };
		C789D30424514D540041D11A /* Main.storyboard in Resources */ = {isa = PBXBuildFile; fileRef = C789D30224514D540041D11A /* Main.storyboard */; };
		C789D30724514D540041D11A /* CatalystAccent.xcdatamodeld in Sources */ = {isa = PBXBuildFile; fileRef = C789D30524514D540041D11A /* CatalystAccent.xcdatamodeld */; };
		C789D30924514D610041D11A /* Assets.xcassets in Resources */ = {isa = PBXBuildFile; fileRef = C789D30824514D610041D11A /* Assets.xcassets */; };
		C789D30C24514D610041D11A /* LaunchScreen.storyboard in Resources */ = {isa = PBXBuildFile; fileRef = C789D30A24514D610041D11A /* LaunchScreen.storyboard */; };
		C789D31724514D610041D11A /* CatalystAccentTests.swift in Sources */ = {isa = PBXBuildFile; fileRef = C789D31624514D610041D11A /* CatalystAccentTests.swift */; };
		C789D32224514D610041D11A /* CatalystAccentUITests.swift in Sources */ = {isa = PBXBuildFile; fileRef = C789D32124514D610041D11A /* CatalystAccentUITests.swift */; };
/* End PBXBuildFile section */

/* Begin PBXContainerItemProxy section */
		C789D31324514D610041D11A /* PBXContainerItemProxy */ = {
			isa = PBXContainerItemProxy;
			containerPortal = C789D2F124514D540041D11A /* Project object */;
			proxyType = 1;
			remoteGlobalIDString = C789D2F824514D540041D11A;
			remoteInfo = CatalystAccent;
		};
		C789D31E24514D610041D11A /* PBXContainerItemProxy */ = {
			isa = PBXContainerItemProxy;
			containerPortal = C789D2F124514D540041D11A /* Project object */;
			proxyType = 1;
			remoteGlobalIDString = C789D2F824514D540041D11A;
			remoteInfo = CatalystAccent;
		};
/* End PBXContainerItemProxy section */

/* Begin PBXFileReference section */
		C789D2F924514D540041D11A /* CatalystAccent.app */ = {isa = PBXFileReference; explicitFileType = wrapper.application; includeInIndex = 0; path = CatalystAccent.app; sourceTree = BUILT_PRODUCTS_DIR; };
		C789D2FC24514D540041D11A /* AppDelegate.swift */ = {isa = PBXFileReference; lastKnownFileType = sourcecode.swift; path = AppDelegate.swift; sourceTree = "<group>"; };
		C789D2FE24514D540041D11A /* SceneDelegate.swift */ = {isa = PBXFileReference; lastKnownFileType = sourcecode.swift; path = SceneDelegate.swift; sourceTree = "<group>"; };
		C789D30024514D540041D11A /* ViewController.swift */ = {isa = PBXFileReference; lastKnownFileType = sourcecode.swift; path = ViewController.swift; sourceTree = "<group>"; };
		C789D30324514D540041D11A /* Base */ = {isa = PBXFileReference; lastKnownFileType = file.storyboard; name = Base; path = Base.lproj/Main.storyboard; sourceTree = "<group>"; };
		C789D30624514D540041D11A /* CatalystAccent.xcdatamodel */ = {isa = PBXFileReference; lastKnownFileType = wrapper.xcdatamodel; path = CatalystAccent.xcdatamodel; sourceTree = "<group>"; };
		C789D30824514D610041D11A /* Assets.xcassets */ = {isa = PBXFileReference; lastKnownFileType = folder.assetcatalog; path = Assets.xcassets; sourceTree = "<group>"; };
		C789D30B24514D610041D11A /* Base */ = {isa = PBXFileReference; lastKnownFileType = file.storyboard; name = Base; path = Base.lproj/LaunchScreen.storyboard; sourceTree = "<group>"; };
		C789D30D24514D610041D11A /* Info.plist */ = {isa = PBXFileReference; lastKnownFileType = text.plist.xml; path = Info.plist; sourceTree = "<group>"; };
		C789D31224514D610041D11A /* CatalystAccentTests.xctest */ = {isa = PBXFileReference; explicitFileType = wrapper.cfbundle; includeInIndex = 0; path = CatalystAccentTests.xctest; sourceTree = BUILT_PRODUCTS_DIR; };
		C789D31624514D610041D11A /* CatalystAccentTests.swift */ = {isa = PBXFileReference; lastKnownFileType = sourcecode.swift; path = CatalystAccentTests.swift; sourceTree = "<group>"; };
		C789D31824514D610041D11A /* Info.plist */ = {isa = PBXFileReference; lastKnownFileType = text.plist.xml; path = Info.plist; sourceTree = "<group>"; };
		C789D31D24514D610041D11A /* CatalystAccentUITests.xctest */ = {isa = PBXFileReference; explicitFileType = wrapper.cfbundle; includeInIndex = 0; path = CatalystAccentUITests.xctest; sourceTree = BUILT_PRODUCTS_DIR; };
		C789D32124514D610041D11A /* CatalystAccentUITests.swift */ = {isa = PBXFileReference; lastKnownFileType = sourcecode.swift; path = CatalystAccentUITests.swift; sourceTree = "<group>"; };
		C789D32324514D610041D11A /* Info.plist */ = {isa = PBXFileReference; lastKnownFileType = text.plist.xml; path = Info.plist; sourceTree = "<group>"; };
/* End PBXFileReference section */

/* Begin PBXFrameworksBuildPhase section */
		C789D2F624514D540041D11A /* Frameworks */ = {
			isa = PBXFrameworksBuildPhase;
			buildActionMask = 2147483647;
			files = (
			);
			runOnlyForDeploymentPostprocessing = 0;
		};
		C789D30F24514D610041D11A /* Frameworks */ = {
			isa = PBXFrameworksBuildPhase;
			buildActionMask = 2147483647;
			files = (
			);
			runOnlyForDeploymentPostprocessing = 0;
		};
		C789D31A24514D610041D11A /* Frameworks */ = {
			isa = PBXFrameworksBuildPhase;
			buildActionMask = 2147483647;
			files = (
			);
			runOnlyForDeploymentPostprocessing = 0;
		};
/* End PBXFrameworksBuildPhase section */

/* Begin PBXGroup section */
		C789D2F024514D540041D11A = {
			isa = PBXGroup;
			children = (
				C789D2FB24514D540041D11A /* CatalystAccent */,
				C789D31524514D610041D11A /* CatalystAccentTests */,
				C789D32024514D610041D11A /* CatalystAccentUITests */,
				C789D2FA24514D540041D11A /* Products */,
			);
			sourceTree = "<group>";
		};
		C789D2FA24514D540041D11A /* Products */ = {
			isa = PBXGroup;
			children = (
				C789D2F924514D540041D11A /* CatalystAccent.app */,
				C789D31224514D610041D11A /* CatalystAccentTests.xctest */,
				C789D31D24514D610041D11A /* CatalystAccentUITests.xctest */,
			);
			name = Products;
			sourceTree = "<group>";
		};
		C789D2FB24514D540041D11A /* CatalystAccent */ = {
			isa = PBXGroup;
			children = (
				C789D2FC24514D540041D11A /* AppDelegate.swift */,
				C789D2FE24514D540041D11A /* SceneDelegate.swift */,
				C789D30024514D540041D11A /* ViewController.swift */,
				C789D30224514D540041D11A /* Main.storyboard */,
				C789D30824514D610041D11A /* Assets.xcassets */,
				C789D30A24514D610041D11A /* LaunchScreen.storyboard */,
				C789D30D24514D610041D11A /* Info.plist */,
				C789D30524514D540041D11A /* CatalystAccent.xcdatamodeld */,
			);
			path = CatalystAccent;
			sourceTree = "<group>";
		};
		C789D31524514D610041D11A /* CatalystAccentTests */ = {
			isa = PBXGroup;
			children = (
				C789D31624514D610041D11A /* CatalystAccentTests.swift */,
				C789D31824514D610041D11A /* Info.plist */,
			);
			path = CatalystAccentTests;
			sourceTree = "<group>";
		};
		C789D32024514D610041D11A /* CatalystAccentUITests */ = {
			isa = PBXGroup;
			children = (
				C789D32124514D610041D11A /* CatalystAccentUITests.swift */,
				C789D32324514D610041D11A /* Info.plist */,
			);
			path = CatalystAccentUITests;
			sourceTree = "<group>";
		};
/* End PBXGroup section */

/* Begin PBXNativeTarget section */
		C789D2F824514D540041D11A /* CatalystAccent */ = {
			isa = PBXNativeTarget;
			buildConfigurationList = C789D32624514D610041D11A /* Build configuration list for PBXNativeTarget "CatalystAccent" */;
			buildPhases = (
				C789D2F524514D540041D11A /* Sources */,
				C789D2F624514D540041D11A /* Frameworks */,
				C789D2F724514D540041D11A /* Resources */,
			);
			buildRules = (
			);
			dependencies = (
			);
			name = CatalystAccent;
			productName = CatalystAccent;
			productReference = C789D2F924514D540041D11A /* CatalystAccent.app */;
			productType = "com.apple.product-type.application";
		};
		C789D31124514D610041D11A /* CatalystAccentTests */ = {
			isa = PBXNativeTarget;
			buildConfigurationList = C789D32924514D610041D11A /* Build configuration list for PBXNativeTarget "CatalystAccentTests" */;
			buildPhases = (
				C789D30E24514D610041D11A /* Sources */,
				C789D30F24514D610041D11A /* Frameworks */,
				C789D31024514D610041D11A /* Resources */,
			);
			buildRules = (
			);
			dependencies = (
				C789D31424514D610041D11A /* PBXTargetDependency */,
			);
			name = CatalystAccentTests;
			productName = CatalystAccentTests;
			productReference = C789D31224514D610041D11A /* CatalystAccentTests.xctest */;
			productType = "com.apple.product-type.bundle.unit-test";
		};
		C789D31C24514D610041D11A /* CatalystAccentUITests */ = {
			isa = PBXNativeTarget;
			buildConfigurationList = C789D32C24514D610041D11A /* Build configuration list for PBXNativeTarget "CatalystAccentUITests" */;
			buildPhases = (
				C789D31924514D610041D11A /* Sources */,
				C789D31A24514D610041D11A /* Frameworks */,
				C789D31B24514D610041D11A /* Resources */,
			);
			buildRules = (
			);
			dependencies = (
				C789D31F24514D610041D11A /* PBXTargetDependency */,
			);
			name = CatalystAccentUITests;
			productName = CatalystAccentUITests;
			productReference = C789D31D24514D610041D11A /* CatalystAccentUITests.xctest */;
			productType = "com.apple.product-type.bundle.ui-testing";
		};
/* End PBXNativeTarget section */

/* Begin PBXProject section */
		C789D2F124514D540041D11A /* Project object */ = {
			isa = PBXProject;
			attributes = {
				LastSwiftUpdateCheck = 1130;
				LastUpgradeCheck = 1130;
				ORGANIZATIONNAME = "vasishth suthar";
				TargetAttributes = {
					C789D2F824514D540041D11A = {
						CreatedOnToolsVersion = 11.3.1;
					};
					C789D31124514D610041D11A = {
						CreatedOnToolsVersion = 11.3.1;
						TestTargetID = C789D2F824514D540041D11A;
					};
					C789D31C24514D610041D11A = {
						CreatedOnToolsVersion = 11.3.1;
						TestTargetID = C789D2F824514D540041D11A;
					};
				};
			};
			buildConfigurationList = C789D2F424514D540041D11A /* Build configuration list for PBXProject "CatalystAccent" */;
			compatibilityVersion = "Xcode 9.3";
			developmentRegion = en;
			hasScannedForEncodings = 0;
			knownRegions = (
				en,
				Base,
			);
			mainGroup = C789D2F024514D540041D11A;
			productRefGroup = C789D2FA24514D540041D11A /* Products */;
			projectDirPath = "";
			projectRoot = "";
			targets = (
				C789D2F824514D540041D11A /* CatalystAccent */,
				C789D31124514D610041D11A /* CatalystAccentTests */,
				C789D31C24514D610041D11A /* CatalystAccentUITests */,
			);
		};
/* End PBXProject section */

/* Begin PBXResourcesBuildPhase section */
		C789D2F724514D540041D11A /* Resources */ = {
			isa = PBXResourcesBuildPhase;
			buildActionMask = 2147483647;
			files = (
				C789D30C24514D610041D11A /* LaunchScreen.storyboard in Resources */,
				C789D30924514D610041D11A /* Assets.xcassets in Resources */,
				C789D30424514D540041D11A /* Main.storyboard in Resources */,
			);
			runOnlyForDeploymentPostprocessing = 0;
		};
		C789D31024514D610041D11A /* Resources */ = {
			isa = PBXResourcesBuildPhase;
			buildActionMask = 2147483647;
			files = (
			);
			runOnlyForDeploymentPostprocessing = 0;
		};
		C789D31B24514D610041D11A /* Resources */ = {
			isa = PBXResourcesBuildPhase;
			buildActionMask = 2147483647;
			files = (
			);
			runOnlyForDeploymentPostprocessing = 0;
		};
/* End PBXResourcesBuildPhase section */

/* Begin PBXSourcesBuildPhase section */
		C789D2F524514D540041D11A /* Sources */ = {
			isa = PBXSourcesBuildPhase;
			buildActionMask = 2147483647;
			files = (
				C789D30124514D540041D11A /* ViewController.swift in Sources */,
				C789D2FD24514D540041D11A /* AppDelegate.swift in Sources */,
				C789D30724514D540041D11A /* CatalystAccent.xcdatamodeld in Sources */,
				C789D2FF24514D540041D11A /* SceneDelegate.swift in Sources */,
			);
			runOnlyForDeploymentPostprocessing = 0;
		};
		C789D30E24514D610041D11A /* Sources */ = {
			isa = PBXSourcesBuildPhase;
			buildActionMask = 2147483647;
			files = (
				C789D31724514D610041D11A /* CatalystAccentTests.swift in Sources */,
			);
			runOnlyForDeploymentPostprocessing = 0;
		};
		C789D31924514D610041D11A /* Sources */ = {
			isa = PBXSourcesBuildPhase;
			buildActionMask = 2147483647;
			files = (
				C789D32224514D610041D11A /* CatalystAccentUITests.swift in Sources */,
			);
			runOnlyForDeploymentPostprocessing = 0;
		};
/* End PBXSourcesBuildPhase section */

/* Begin PBXTargetDependency section */
		C789D31424514D610041D11A /* PBXTargetDependency */ = {
			isa = PBXTargetDependency;
			target = C789D2F824514D540041D11A /* CatalystAccent */;
			targetProxy = C789D31324514D610041D11A /* PBXContainerItemProxy */;
		};
		C789D31F24514D610041D11A /* PBXTargetDependency */ = {
			isa = PBXTargetDependency;
			target = C789D2F824514D540041D11A /* CatalystAccent */;
			targetProxy = C789D31E24514D610041D11A /* PBXContainerItemProxy */;
		};
/* End PBXTargetDependency section */

/* Begin PBXVariantGroup section */
		C789D30224514D540041D11A /* Main.storyboard */ = {
			isa = PBXVariantGroup;
			children = (
				C789D30324514D540041D11A /* Base */,
			);
			name = Main.storyboard;
			sourceTree = "<group>";
		};
		C789D30A24514D610041D11A /* LaunchScreen.storyboard */ = {
			isa = PBXVariantGroup;
			children = (
				C789D30B24514D610041D11A /* Base */,
			);
			name = LaunchScreen.storyboard;
			sourceTree = "<group>";
		};
/* End PBXVariantGroup section */

/* Begin XCBuildConfiguration section */
		C789D32424514D610041D11A /* Debug */ = {
			isa = XCBuildConfiguration;
			buildSettings = {
				ALWAYS_SEARCH_USER_PATHS = NO;
				CLANG_ANALYZER_NONNULL = YES;
				CLANG_ANALYZER_NUMBER_OBJECT_CONVERSION = YES_AGGRESSIVE;
				CLANG_CXX_LANGUAGE_STANDARD = "gnu++14";
				CLANG_CXX_LIBRARY = "libc++";
				CLANG_ENABLE_MODULES = YES;
				CLANG_ENABLE_OBJC_ARC = YES;
				CLANG_ENABLE_OBJC_WEAK = YES;
				CLANG_WARN_BLOCK_CAPTURE_AUTORELEASING = YES;
				CLANG_WARN_BOOL_CONVERSION = YES;
				CLANG_WARN_COMMA = YES;
				CLANG_WARN_CONSTANT_CONVERSION = YES;
				CLANG_WARN_DEPRECATED_OBJC_IMPLEMENTATIONS = YES;
				CLANG_WARN_DIRECT_OBJC_ISA_USAGE = YES_ERROR;
				CLANG_WARN_DOCUMENTATION_COMMENTS = YES;
				CLANG_WARN_EMPTY_BODY = YES;
				CLANG_WARN_ENUM_CONVERSION = YES;
				CLANG_WARN_INFINITE_RECURSION = YES;
				CLANG_WARN_INT_CONVERSION = YES;
				CLANG_WARN_NON_LITERAL_NULL_CONVERSION = YES;
				CLANG_WARN_OBJC_IMPLICIT_RETAIN_SELF = YES;
				CLANG_WARN_OBJC_LITERAL_CONVERSION = YES;
				CLANG_WARN_OBJC_ROOT_CLASS = YES_ERROR;
				CLANG_WARN_RANGE_LOOP_ANALYSIS = YES;
				CLANG_WARN_STRICT_PROTOTYPES = YES;
				CLANG_WARN_SUSPICIOUS_MOVE = YES;
				CLANG_WARN_UNGUARDED_AVAILABILITY = YES_AGGRESSIVE;
				CLANG_WARN_UNREACHABLE_CODE = YES;
				CLANG_WARN__DUPLICATE_METHOD_MATCH = YES;
				COPY_PHASE_STRIP = NO;
				DEBUG_INFORMATION_FORMAT = dwarf;
				ENABLE_STRICT_OBJC_MSGSEND = YES;
				ENABLE_TESTABILITY = YES;
				GCC_C_LANGUAGE_STANDARD = gnu11;
				GCC_DYNAMIC_NO_PIC = NO;
				GCC_NO_COMMON_BLOCKS = YES;
				GCC_OPTIMIZATION_LEVEL = 0;
				GCC_PREPROCESSOR_DEFINITIONS = (
					"DEBUG=1",
					"$(inherited)",
				);
				GCC_WARN_64_TO_32_BIT_CONVERSION = YES;
				GCC_WARN_ABOUT_RETURN_TYPE = YES_ERROR;
				GCC_WARN_UNDECLARED_SELECTOR = YES;
				GCC_WARN_UNINITIALIZED_AUTOS = YES_AGGRESSIVE;
				GCC_WARN_UNUSED_FUNCTION = YES;
				GCC_WARN_UNUSED_VARIABLE = YES;
				IPHONEOS_DEPLOYMENT_TARGET = 13.2;
				MTL_ENABLE_DEBUG_INFO = INCLUDE_SOURCE;
				MTL_FAST_MATH = YES;
				ONLY_ACTIVE_ARCH = YES;
				SDKROOT = iphoneos;
				SWIFT_ACTIVE_COMPILATION_CONDITIONS = DEBUG;
				SWIFT_OPTIMIZATION_LEVEL = "-Onone";
			};
			name = Debug;
		};
		C789D32524514D610041D11A /* Release */ = {
			isa = XCBuildConfiguration;
			buildSettings = {
				ALWAYS_SEARCH_USER_PATHS = NO;
				CLANG_ANALYZER_NONNULL = YES;
				CLANG_ANALYZER_NUMBER_OBJECT_CONVERSION = YES_AGGRESSIVE;
				CLANG_CXX_LANGUAGE_STANDARD = "gnu++14";
				CLANG_CXX_LIBRARY = "libc++";
				CLANG_ENABLE_MODULES = YES;
				CLANG_ENABLE_OBJC_ARC = YES;
				CLANG_ENABLE_OBJC_WEAK = YES;
				CLANG_WARN_BLOCK_CAPTURE_AUTORELEASING = YES;
				CLANG_WARN_BOOL_CONVERSION = YES;
				CLANG_WARN_COMMA = YES;
				CLANG_WARN_CONSTANT_CONVERSION = YES;
				CLANG_WARN_DEPRECATED_OBJC_IMPLEMENTATIONS = YES;
				CLANG_WARN_DIRECT_OBJC_ISA_USAGE = YES_ERROR;
				CLANG_WARN_DOCUMENTATION_COMMENTS = YES;
				CLANG_WARN_EMPTY_BODY = YES;
				CLANG_WARN_ENUM_CONVERSION = YES;
				CLANG_WARN_INFINITE_RECURSION = YES;
				CLANG_WARN_INT_CONVERSION = YES;
				CLANG_WARN_NON_LITERAL_NULL_CONVERSION = YES;
				CLANG_WARN_OBJC_IMPLICIT_RETAIN_SELF = YES;
				CLANG_WARN_OBJC_LITERAL_CONVERSION = YES;
				CLANG_WARN_OBJC_ROOT_CLASS = YES_ERROR;
				CLANG_WARN_RANGE_LOOP_ANALYSIS = YES;
				CLANG_WARN_STRICT_PROTOTYPES = YES;
				CLANG_WARN_SUSPICIOUS_MOVE = YES;
				CLANG_WARN_UNGUARDED_AVAILABILITY = YES_AGGRESSIVE;
				CLANG_WARN_UNREACHABLE_CODE = YES;
				CLANG_WARN__DUPLICATE_METHOD_MATCH = YES;
				COPY_PHASE_STRIP = NO;
				DEBUG_INFORMATION_FORMAT = "dwarf-with-dsym";
				ENABLE_NS_ASSERTIONS = NO;
				ENABLE_STRICT_OBJC_MSGSEND = YES;
				GCC_C_LANGUAGE_STANDARD = gnu11;
				GCC_NO_COMMON_BLOCKS = YES;
				GCC_WARN_64_TO_32_BIT_CONVERSION = YES;
				GCC_WARN_ABOUT_RETURN_TYPE = YES_ERROR;
				GCC_WARN_UNDECLARED_SELECTOR = YES;
				GCC_WARN_UNINITIALIZED_AUTOS = YES_AGGRESSIVE;
				GCC_WARN_UNUSED_FUNCTION = YES;
				GCC_WARN_UNUSED_VARIABLE = YES;
				IPHONEOS_DEPLOYMENT_TARGET = 13.2;
				MTL_ENABLE_DEBUG_INFO = NO;
				MTL_FAST_MATH = YES;
				SDKROOT = iphoneos;
				SWIFT_COMPILATION_MODE = wholemodule;
				SWIFT_OPTIMIZATION_LEVEL = "-O";
				VALIDATE_PRODUCT = YES;
			};
			name = Release;
		};
		C789D32724514D610041D11A /* Debug */ = {
			isa = XCBuildConfiguration;
			buildSettings = {
				ASSETCATALOG_COMPILER_APPICON_NAME = AppIcon;
				CODE_SIGN_STYLE = Automatic;
				INFOPLIST_FILE = CatalystAccent/Info.plist;
				LD_RUNPATH_SEARCH_PATHS = (
					"$(inherited)",
					"@executable_path/Frameworks",
				);
				PRODUCT_BUNDLE_IDENTIFIER = vkmewada.CatalystAccent;
				PRODUCT_NAME = "$(TARGET_NAME)";
				SWIFT_VERSION = 5.0;
				TARGETED_DEVICE_FAMILY = "1,2";
			};
			name = Debug;
		};
		C789D32824514D610041D11A /* Release */ = {
			isa = XCBuildConfiguration;
			buildSettings = {
				ASSETCATALOG_COMPILER_APPICON_NAME = AppIcon;
				CODE_SIGN_STYLE = Automatic;
				INFOPLIST_FILE = CatalystAccent/Info.plist;
				LD_RUNPATH_SEARCH_PATHS = (
					"$(inherited)",
					"@executable_path/Frameworks",
				);
				PRODUCT_BUNDLE_IDENTIFIER = vkmewada.CatalystAccent;
				PRODUCT_NAME = "$(TARGET_NAME)";
				SWIFT_VERSION = 5.0;
				TARGETED_DEVICE_FAMILY = "1,2";
			};
			name = Release;
		};
		C789D32A24514D610041D11A /* Debug */ = {
			isa = XCBuildConfiguration;
			buildSettings = {
				ALWAYS_EMBED_SWIFT_STANDARD_LIBRARIES = YES;
				BUNDLE_LOADER = "$(TEST_HOST)";
				CODE_SIGN_STYLE = Automatic;
				INFOPLIST_FILE = CatalystAccentTests/Info.plist;
				IPHONEOS_DEPLOYMENT_TARGET = 13.2;
				LD_RUNPATH_SEARCH_PATHS = (
					"$(inherited)",
					"@executable_path/Frameworks",
					"@loader_path/Frameworks",
				);
				PRODUCT_BUNDLE_IDENTIFIER = vkmewada.CatalystAccentTests;
				PRODUCT_NAME = "$(TARGET_NAME)";
				SWIFT_VERSION = 5.0;
				TARGETED_DEVICE_FAMILY = "1,2";
				TEST_HOST = "$(BUILT_PRODUCTS_DIR)/CatalystAccent.app/CatalystAccent";
			};
			name = Debug;
		};
		C789D32B24514D610041D11A /* Release */ = {
			isa = XCBuildConfiguration;
			buildSettings = {
				ALWAYS_EMBED_SWIFT_STANDARD_LIBRARIES = YES;
				BUNDLE_LOADER = "$(TEST_HOST)";
				CODE_SIGN_STYLE = Automatic;
				INFOPLIST_FILE = CatalystAccentTests/Info.plist;
				IPHONEOS_DEPLOYMENT_TARGET = 13.2;
				LD_RUNPATH_SEARCH_PATHS = (
					"$(inherited)",
					"@executable_path/Frameworks",
					"@loader_path/Frameworks",
				);
				PRODUCT_BUNDLE_IDENTIFIER = vkmewada.CatalystAccentTests;
				PRODUCT_NAME = "$(TARGET_NAME)";
				SWIFT_VERSION = 5.0;
				TARGETED_DEVICE_FAMILY = "1,2";
				TEST_HOST = "$(BUILT_PRODUCTS_DIR)/CatalystAccent.app/CatalystAccent";
			};
			name = Release;
		};
		C789D32D24514D610041D11A /* Debug */ = {
			isa = XCBuildConfiguration;
			buildSettings = {
				ALWAYS_EMBED_SWIFT_STANDARD_LIBRARIES = YES;
				CODE_SIGN_STYLE = Automatic;
				INFOPLIST_FILE = CatalystAccentUITests/Info.plist;
				LD_RUNPATH_SEARCH_PATHS = (
					"$(inherited)",
					"@executable_path/Frameworks",
					"@loader_path/Frameworks",
				);
				PRODUCT_BUNDLE_IDENTIFIER = vkmewada.CatalystAccentUITests;
				PRODUCT_NAME = "$(TARGET_NAME)";
				SWIFT_VERSION = 5.0;
				TARGETED_DEVICE_FAMILY = "1,2";
				TEST_TARGET_NAME = CatalystAccent;
			};
			name = Debug;
		};
		C789D32E24514D610041D11A /* Release */ = {
			isa = XCBuildConfiguration;
			buildSettings = {
				ALWAYS_EMBED_SWIFT_STANDARD_LIBRARIES = YES;
				CODE_SIGN_STYLE = Automatic;
				INFOPLIST_FILE = CatalystAccentUITests/Info.plist;
				LD_RUNPATH_SEARCH_PATHS = (
					"$(inherited)",
					"@executable_path/Frameworks",
					"@loader_path/Frameworks",
				);
				PRODUCT_BUNDLE_IDENTIFIER = vkmewada.CatalystAccentUITests;
				PRODUCT_NAME = "$(TARGET_NAME)";
				SWIFT_VERSION = 5.0;
				TARGETED_DEVICE_FAMILY = "1,2";
				TEST_TARGET_NAME = CatalystAccent;
			};
			name = Release;
		};
/* End XCBuildConfiguration section */

/* Begin XCConfigurationList section */
		C789D2F424514D540041D11A /* Build configuration list for PBXProject "CatalystAccent" */ = {
			isa = XCConfigurationList;
			buildConfigurations = (
				C789D32424514D610041D11A /* Debug */,
				C789D32524514D610041D11A /* Release */,
			);
			defaultConfigurationIsVisible = 0;
			defaultConfigurationName = Release;
		};
		C789D32624514D610041D11A /* Build configuration list for PBXNativeTarget "CatalystAccent" */ = {
			isa = XCConfigurationList;
			buildConfigurations = (
				C789D32724514D610041D11A /* Debug */,
				C789D32824514D610041D11A /* Release */,
			);
			defaultConfigurationIsVisible = 0;
			defaultConfigurationName = Release;
		};
		C789D32924514D610041D11A /* Build configuration list for PBXNativeTarget "CatalystAccentTests" */ = {
			isa = XCConfigurationList;
			buildConfigurations = (
				C789D32A24514D610041D11A /* Debug */,
				C789D32B24514D610041D11A /* Release */,
			);
			defaultConfigurationIsVisible = 0;
			defaultConfigurationName = Release;
		};
		C789D32C24514D610041D11A /* Build configuration list for PBXNativeTarget "CatalystAccentUITests" */ = {
			isa = XCConfigurationList;
			buildConfigurations = (
				C789D32D24514D610041D11A /* Debug */,
				C789D32E24514D610041D11A /* Release */,
			);
			defaultConfigurationIsVisible = 0;
			defaultConfigurationName = Release;
		};
/* End XCConfigurationList section */

/* Begin XCVersionGroup section */
		C789D30524514D540041D11A /* CatalystAccent.xcdatamodeld */ = {
			isa = XCVersionGroup;
			children = (
				C789D30624514D540041D11A /* CatalystAccent.xcdatamodel */,
			);
			currentVersion = C789D30624514D540041D11A /* CatalystAccent.xcdatamodel */;
			path = CatalystAccent.xcdatamodeld;
			sourceTree = "<group>";
			versionGroupType = wrapper.xcdatamodel;
		};
/* End XCVersionGroup section */
	};
	rootObject = C789D2F124514D540041D11A /* Project object */;
}
